Microsoft Visual Studio Solution File, Format Version 11.00
# Visual Studio 2010
Project("{FAE04EC0-301F-11D3-BF4B-00C04F79EFBC}") = "Assembly-CSharp", "Assembly-CSharp.csproj", "{044C7A93-CA77-C371-FF87-F328830183DF}"
EndProject
Global
	GlobalSection(SolutionConfigurationPlatforms) = preSolution
		Debug|Any CPU = Debug|Any CPU
		Release|Any CPU = Release|Any CPU
	EndGlobalSection
	GlobalSection(ProjectConfigurationPlatforms) = postSolution
		{044C7A93-CA77-C371-FF87-F328830183DF}.Debug|Any CPU.ActiveCfg = Debug|Any CPU
		{044C7A93-CA77-C371-FF87-F328830183DF}.Debug|Any CPU.Build.0 = Debug|Any CPU
		{044C7A93-CA77-C371-FF87-F328830183DF}.Release|Any CPU.ActiveCfg = Release|Any CPU
		{044C7A93-CA77-C371-FF87-F328830183DF}.Release|Any CPU.Build.0 = Release|Any CPU
	EndGlobalSection
	GlobalSection(SolutionProperties) = preSolution
		HideSolutionNode = FALSE
	EndGlobalSection
EndGlobal
